# @generated - this file is auto-generated by `mise lock` https://mise.jdx.dev/dev-tools/mise-lock.html

lockfile_version = 1

[[tools.just]]
version = "1.58.0"
backend = "aqua:casey/just"
specifiers = ["1.58.0"]

[tools.just."platforms.linux-arm64"]
checksum = "sha256:748237128c4c40cbdabc65e841d05ceba13cc23a91eaba395495894c1d9764df"
url = "https://github.com/casey/just/releases/download/1.58.0/just-1.58.0-aarch64-unknown-linux-musl.tar.gz"
url_api = "https://api.github.com/repos/casey/just/releases/assets/500510099"

[tools.just."platforms.linux-arm64-musl"]
checksum = "sha256:748237128c4c40cbdabc65e841d05ceba13cc23a91eaba395495894c1d9764df"
url = "https://github.com/casey/just/releases/download/1.58.0/just-1.58.0-aarch64-unknown-linux-musl.tar.gz"
url_api = "https://api.github.com/repos/casey/just/releases/assets/500510099"

[tools.just."platforms.linux-x64"]
checksum = "sha256:4a5cc2f53e6f0f8c59092a6cc38291eb729d46a7dd95d3ae582008881b84931d"
url = "https://github.com/casey/just/releases/download/1.58.0/just-1.58.0-x86_64-unknown-linux-musl.tar.gz"
url_api = "https://api.github.com/repos/casey/just/releases/assets/500509978"

[tools.just."platforms.linux-x64-musl"]
checksum = "sha256:4a5cc2f53e6f0f8c59092a6cc38291eb729d46a7dd95d3ae582008881b84931d"
url = "https://github.com/casey/just/releases/download/1.58.0/just-1.58.0-x86_64-unknown-linux-musl.tar.gz"
url_api = "https://api.github.com/repos/casey/just/releases/assets/500509978"

[tools.just."platforms.macos-arm64"]
checksum = "sha256:50ae3e996c974a0bf32ea7d10f495070df33f1b43e0616b2769e3d4821ed8f48"
url = "https://github.com/casey/just/releases/download/1.58.0/just-1.58.0-aarch64-apple-darwin.tar.gz"
url_api = "https://api.github.com/repos/casey/just/releases/assets/500509965"

[tools.just."platforms.macos-x64"]
checksum = "sha256:9a09cfef66aaa79da58203970103a0684307716caaabd3e9844cacc4dc0f4023"
url = "https://github.com/casey/just/releases/download/1.58.0/just-1.58.0-x86_64-apple-darwin.tar.gz"
url_api = "https://api.github.com/repos/casey/just/releases/assets/500510084"

[tools.just."platforms.windows-x64"]
checksum = "sha256:759f16fb7aa17c5c8b9594b6d4a8c1a6630dfd042cf2b3ff84841454d3d188dc"
url = "https://github.com/casey/just/releases/download/1.58.0/just-1.58.0-x86_64-pc-windows-msvc.zip"
url_api = "https://api.github.com/repos/casey/just/releases/assets/500511374"

[[tools.tombi]]
version = "1.4.1"
backend = "aqua:tombi-toml/tombi"
specifiers = ["1.4.1"]

[tools.tombi."platforms.linux-arm64"]
checksum = "sha256:21f51d092597053266e0ed051082743b5956b6de2f0db1cecce78e0eb29165e5"
url = "https://github.com/tombi-toml/tombi/releases/download/v1.4.1/tombi-cli-1.4.1-aarch64-unknown-linux-musl.tar.gz"
url_api = "https://api.github.com/repos/tombi-toml/tombi/releases/assets/525196347"
provenance = "github-attestations"

[tools.tombi."platforms.linux-arm64-musl"]
checksum = "sha256:21f51d092597053266e0ed051082743b5956b6de2f0db1cecce78e0eb29165e5"
url = "https://github.com/tombi-toml/tombi/releases/download/v1.4.1/tombi-cli-1.4.1-aarch64-unknown-linux-musl.tar.gz"
url_api = "https://api.github.com/repos/tombi-toml/tombi/releases/assets/525196347"
provenance = "github-attestations"

[tools.tombi."platforms.linux-x64"]
checksum = "sha256:9aa69eb3e75a4a22a961b8a1c8cc44e4f81328ce25ad5b10d151be1a09faa88d"
url = "https://github.com/tombi-toml/tombi/releases/download/v1.4.1/tombi-cli-1.4.1-x86_64-unknown-linux-musl.tar.gz"
url_api = "https://api.github.com/repos/tombi-toml/tombi/releases/assets/525196366"
provenance = "github-attestations"

[tools.tombi."platforms.linux-x64-musl"]
checksum = "sha256:9aa69eb3e75a4a22a961b8a1c8cc44e4f81328ce25ad5b10d151be1a09faa88d"
url = "https://github.com/tombi-toml/tombi/releases/download/v1.4.1/tombi-cli-1.4.1-x86_64-unknown-linux-musl.tar.gz"
url_api = "https://api.github.com/repos/tombi-toml/tombi/releases/assets/525196366"
provenance = "github-attestations"

[tools.tombi."platforms.macos-arm64"]
checksum = "sha256:0054ea75a98db2ccdef3b304bf97aeb2b1fed201df13b30b68a19672a275199c"
url = "https://github.com/tombi-toml/tombi/releases/download/v1.4.1/tombi-cli-1.4.1-aarch64-apple-darwin.tar.gz"
url_api = "https://api.github.com/repos/tombi-toml/tombi/releases/assets/525196343"
provenance = "github-attestations"

[tools.tombi."platforms.macos-x64"]
checksum = "sha256:4a14a0bf18ec0bbbeab3003f6c0dea3ffabb2cb38649ebfd6cafabc4d7eeffe0"
url = "https://github.com/tombi-toml/tombi/releases/download/v1.4.1/tombi-cli-1.4.1-x86_64-apple-darwin.tar.gz"
url_api = "https://api.github.com/repos/tombi-toml/tombi/releases/assets/525196344"
provenance = "github-attestations"

[tools.tombi."platforms.windows-x64"]
checksum = "sha256:a0b324b673f469f82337df9561951b8dea2cb5fb491e98345929d3f5a55bfe84"
url = "https://github.com/tombi-toml/tombi/releases/download/v1.4.1/tombi-cli-1.4.1-x86_64-pc-windows-msvc.zip"
url_api = "https://api.github.com/repos/tombi-toml/tombi/releases/assets/525196364"
provenance = "github-attestations"
